// !$*UTF8*$!
{
	archiveVersion = 1;
	classes = {
	};
	objectVersion = 46;
	objects = {

/* Begin PBXBuildFile section */
		4000D63A170E880400296229 /* Foundation.framework in Frameworks */ = {isa = PBXBuildFile; fileRef = 4000D639170E880400296229 /* Foundation.framework */; };
		4000D63F170E880400296229 /* ObjectiveDDP.h in CopyFiles */ = {isa = PBXBuildFile; fileRef = 4000D63E170E880400296229 /* ObjectiveDDP.h */; };
		4000D641170E880400296229 /* ObjectiveDDP.m in Sources */ = {isa = PBXBuildFile; fileRef = 4000D640170E880400296229 /* ObjectiveDDP.m */; };
		4011C80417BD2AA6002AA28E /* DependencyProvider.m in Sources */ = {isa = PBXBuildFile; fileRef = 4011C80317BD2AA6002AA28E /* DependencyProvider.m */; };
		4011C80517BD2AA6002AA28E /* DependencyProvider.m in Sources */ = {isa = PBXBuildFile; fileRef = 4011C80317BD2AA6002AA28E /* DependencyProvider.m */; };
		4011C80817BD2C06002AA28E /* FakeDependencyProvider.m in Sources */ = {isa = PBXBuildFile; fileRef = 4011C80717BD2C06002AA28E /* FakeDependencyProvider.m */; };
		4011C80B17BD2CA1002AA28E /* DDPSpecHelper.m in Sources */ = {isa = PBXBuildFile; fileRef = 4011C80A17BD2CA1002AA28E /* DDPSpecHelper.m */; settings = {COMPILER_FLAGS = "-fno-objc-arc"; }; };
		4011C80E17BD2E14002AA28E /* DependencyProvider+Spec.m in Sources */ = {isa = PBXBuildFile; fileRef = 4011C80D17BD2E14002AA28E /* DependencyProvider+Spec.m */; };
		401AEB7E170E9EC7008B38EA /* libicucore.dylib in Frameworks */ = {isa = PBXBuildFile; fileRef = 401AEB7D170E9EC7008B38EA /* libicucore.dylib */; };
		401AEB80170E9ECC008B38EA /* SystemConfiguration.framework in Frameworks */ = {isa = PBXBuildFile; fileRef = 401AEB7F170E9ECC008B38EA /* SystemConfiguration.framework */; };
		401AEB82170E9ED2008B38EA /* CFNetwork.framework in Frameworks */ = {isa = PBXBuildFile; fileRef = 401AEB81170E9ED2008B38EA /* CFNetwork.framework */; };
		401AEB84170E9EEB008B38EA /* Security.framework in Frameworks */ = {isa = PBXBuildFile; fileRef = 401AEB83170E9EEB008B38EA /* Security.framework */; };
		4079F9DB170EB31D00194B4A /* UIKit.framework in Frameworks */ = {isa = PBXBuildFile; fileRef = 4079F9DA170EB31D00194B4A /* UIKit.framework */; };
		4079F9DC170EB31D00194B4A /* Foundation.framework in Frameworks */ = {isa = PBXBuildFile; fileRef = 4000D639170E880400296229 /* Foundation.framework */; };
		4079F9DE170EB31D00194B4A /* CoreGraphics.framework in Frameworks */ = {isa = PBXBuildFile; fileRef = 4079F9DD170EB31D00194B4A /* CoreGraphics.framework */; };
		4079F9E4170EB31D00194B4A /* InfoPlist.strings in Resources */ = {isa = PBXBuildFile; fileRef = 4079F9E2170EB31D00194B4A /* InfoPlist.strings */; };
		4079F9E6170EB31D00194B4A /* main.m in Sources */ = {isa = PBXBuildFile; fileRef = 4079F9E5170EB31D00194B4A /* main.m */; };
		4079F9E9170EB31E00194B4A /* Cedar-iOS.framework in Frameworks */ = {isa = PBXBuildFile; fileRef = 4079F9E8170EB31E00194B4A /* Cedar-iOS.framework */; };
		4079F9F1170EB35200194B4A /* Security.framework in Frameworks */ = {isa = PBXBuildFile; fileRef = 401AEB83170E9EEB008B38EA /* Security.framework */; };
		4079F9F2170EB35800194B4A /* CFNetwork.framework in Frameworks */ = {isa = PBXBuildFile; fileRef = 401AEB81170E9ED2008B38EA /* CFNetwork.framework */; };
		4079F9F3170EB36000194B4A /* SystemConfiguration.framework in Frameworks */ = {isa = PBXBuildFile; fileRef = 401AEB7F170E9ECC008B38EA /* SystemConfiguration.framework */; };
		4079F9F4170EB36700194B4A /* libicucore.dylib in Frameworks */ = {isa = PBXBuildFile; fileRef = 401AEB7D170E9EC7008B38EA /* libicucore.dylib */; };
		4079F9F5170EB39200194B4A /* ObjectiveDDP.m in Sources */ = {isa = PBXBuildFile; fileRef = 4000D640170E880400296229 /* ObjectiveDDP.m */; };
		4079F9F7170EB3B000194B4A /* ObjectiveDDPSpec.mm in Sources */ = {isa = PBXBuildFile; fileRef = 4079F9F6170EB3B000194B4A /* ObjectiveDDPSpec.mm */; settings = {COMPILER_FLAGS = "-fno-objc-arc"; }; };
		40A305F3178D27E800546C1F /* Default-568h@2x.png in Resources */ = {isa = PBXBuildFile; fileRef = 40A305F2178D27E800546C1F /* Default-568h@2x.png */; };
		40BAB8CD181EFE550098524C /* NSObject+Spec.m in Sources */ = {isa = PBXBuildFile; fileRef = 40BAB8CC181EFE550098524C /* NSObject+Spec.m */; };
		40BAB8D0182051500098524C /* MeteorClient+Parsing.m in Sources */ = {isa = PBXBuildFile; fileRef = 40BAB8CF182051500098524C /* MeteorClient+Parsing.m */; };
		40BAB8D1182051500098524C /* MeteorClient+Parsing.m in Sources */ = {isa = PBXBuildFile; fileRef = 40BAB8CF182051500098524C /* MeteorClient+Parsing.m */; };
		40F8370C1741C59700AF2340 /* BSONIdGenerator.m in Sources */ = {isa = PBXBuildFile; fileRef = 888B6DFE173B66EA001EED80 /* BSONIdGenerator.m */; };
		40F8370D1741C59700AF2340 /* MeteorClient.m in Sources */ = {isa = PBXBuildFile; fileRef = 888B6DFB173B6508001EED80 /* MeteorClient.m */; };
		40F8370F1741C62800AF2340 /* MeteorClientSpec.mm in Sources */ = {isa = PBXBuildFile; fileRef = 40F8370E1741C62800AF2340 /* MeteorClientSpec.mm */; settings = {COMPILER_FLAGS = "-fno-objc-arc"; }; };
		430E014E41C9666E08613FCE /* MockSRWebSocket.m in Sources */ = {isa = PBXBuildFile; fileRef = 430E02ACD0BC78CC53F31D72 /* MockSRWebSocket.m */; };
		430E08B6E86CA801EE954D0F /* MockObjectiveDDPDelegate.m in Sources */ = {isa = PBXBuildFile; fileRef = 430E092B95390D2D558E5F3B /* MockObjectiveDDPDelegate.m */; };
		570DE62F4BD74C18AE51ED8C /* libPods.a in Frameworks */ = {isa = PBXBuildFile; fileRef = 2C1F0C9084EA4B2DBD349673 /* libPods.a */; };
		888B6DFC173B6508001EED80 /* MeteorClient.m in Sources */ = {isa = PBXBuildFile; fileRef = 888B6DFB173B6508001EED80 /* MeteorClient.m */; };
		888B6DFF173B66EA001EED80 /* BSONIdGenerator.m in Sources */ = {isa = PBXBuildFile; fileRef = 888B6DFE173B66EA001EED80 /* BSONIdGenerator.m */; };
		B89EED0370974B0DB6B267A5 /* libPods-ObjectiveDDP.a in Frameworks */ = {isa = PBXBuildFile; fileRef = 2A9A1C2EBCCC497B867174AC /* libPods-ObjectiveDDP.a */; };
		EA78008719657BEC0046E666 /* Foundation.framework in Frameworks */ = {isa = PBXBuildFile; fileRef = 4000D639170E880400296229 /* Foundation.framework */; };
		EA78009319657C560046E666 /* Cedar.framework in Frameworks */ = {isa = PBXBuildFile; fileRef = EAE0FD9E19640DA900EC2EEC /* Cedar.framework */; };
		EA78009419657C5F0046E666 /* DependencyProvider+Spec.m in Sources */ = {isa = PBXBuildFile; fileRef = 4011C80D17BD2E14002AA28E /* DependencyProvider+Spec.m */; };
		EA78009519657C610046E666 /* NSObject+Spec.m in Sources */ = {isa = PBXBuildFile; fileRef = 40BAB8CC181EFE550098524C /* NSObject+Spec.m */; };
		EA78009719657C670046E666 /* DDPSpecHelper.m in Sources */ = {isa = PBXBuildFile; fileRef = 4011C80A17BD2CA1002AA28E /* DDPSpecHelper.m */; settings = {COMPILER_FLAGS = "-fno-objc-arc"; }; };
		EA78009819657C6A0046E666 /* MeteorClientSpec.mm in Sources */ = {isa = PBXBuildFile; fileRef = 40F8370E1741C62800AF2340 /* MeteorClientSpec.mm */; settings = {COMPILER_FLAGS = "-fno-objc-arc"; }; };
		EA78009919657C6D0046E666 /* ObjectiveDDPSpec.mm in Sources */ = {isa = PBXBuildFile; fileRef = 4079F9F6170EB3B000194B4A /* ObjectiveDDPSpec.mm */; settings = {COMPILER_FLAGS = "-fno-objc-arc"; }; };
		EA78009A19657CC10046E666 /* DependencyProvider.m in Sources */ = {isa = PBXBuildFile; fileRef = 4011C80317BD2AA6002AA28E /* DependencyProvider.m */; };
		EA78009B19657CC40046E666 /* BSONIdGenerator.m in Sources */ = {isa = PBXBuildFile; fileRef = 888B6DFE173B66EA001EED80 /* BSONIdGenerator.m */; };
		EA78009C19657CC60046E666 /* MeteorClient.m in Sources */ = {isa = PBXBuildFile; fileRef = 888B6DFB173B6508001EED80 /* MeteorClient.m */; };
		EA78009D19657CCB0046E666 /* MeteorClient+Parsing.m in Sources */ = {isa = PBXBuildFile; fileRef = 40BAB8CF182051500098524C /* MeteorClient+Parsing.m */; };
		EA78009E19657CCE0046E666 /* ObjectiveDDP.m in Sources */ = {isa = PBXBuildFile; fileRef = 4000D640170E880400296229 /* ObjectiveDDP.m */; };
		EA78009F19657CDD0046E666 /* main.m in Sources */ = {isa = PBXBuildFile; fileRef = EAE0FDA019640DA900EC2EEC /* main.m */; };
		EA7800A119657D100046E666 /* MockObjectiveDDPDelegate.m in Sources */ = {isa = PBXBuildFile; fileRef = 430E092B95390D2D558E5F3B /* MockObjectiveDDPDelegate.m */; };
		EA7800A219657D120046E666 /* MockSRWebSocket.m in Sources */ = {isa = PBXBuildFile; fileRef = 430E02ACD0BC78CC53F31D72 /* MockSRWebSocket.m */; };
		EA7800A619657D280046E666 /* FakeDependencyProvider.m in Sources */ = {isa = PBXBuildFile; fileRef = 4011C80717BD2C06002AA28E /* FakeDependencyProvider.m */; };
		EA7800A719657D930046E666 /* libPods-ObjectiveDDP-MAC.a in Frameworks */ = {isa = PBXBuildFile; fileRef = EA781447196396A8002B801D /* libPods-ObjectiveDDP-MAC.a */; };
		EA78142619638D09002B801D /* Cocoa.framework in Frameworks */ = {isa = PBXBuildFile; fileRef = EA78142519638D09002B801D /* Cocoa.framework */; };
		EA78142819639427002B801D /* libPods-ObjectiveDDP-MAC.a in Frameworks */ = {isa = PBXBuildFile; fileRef = EA78142719639427002B801D /* libPods-ObjectiveDDP-MAC.a */; };
		EA78142A19639508002B801D /* libicucore.dylib in Frameworks */ = {isa = PBXBuildFile; fileRef = EA78142919639508002B801D /* libicucore.dylib */; };
		EA78143319639590002B801D /* MeteorClient+Parsing.m in Sources */ = {isa = PBXBuildFile; fileRef = 40BAB8CF182051500098524C /* MeteorClient+Parsing.m */; };
		EA78143419639592002B801D /* MeteorClient.m in Sources */ = {isa = PBXBuildFile; fileRef = 888B6DFB173B6508001EED80 /* MeteorClient.m */; };
		EA78143519639595002B801D /* BSONIdGenerator.m in Sources */ = {isa = PBXBuildFile; fileRef = 888B6DFE173B66EA001EED80 /* BSONIdGenerator.m */; };
		EA78143619639599002B801D /* DependencyProvider.m in Sources */ = {isa = PBXBuildFile; fileRef = 4011C80317BD2AA6002AA28E /* DependencyProvider.m */; };
		EA781438196395A3002B801D /* ObjectiveDDP.m in Sources */ = {isa = PBXBuildFile; fileRef = 4000D640170E880400296229 /* ObjectiveDDP.m */; };
		EAFDC0DA1963714800646100 /* DependencyProvider.h in Headers */ = {isa = PBXBuildFile; fileRef = 4011C80217BD2AA6002AA28E /* DependencyProvider.h */; };
		EAFDC0DB1963714B00646100 /* BSONIdGenerator.h in Headers */ = {isa = PBXBuildFile; fileRef = 888B6DFD173B66EA001EED80 /* BSONIdGenerator.h */; };
		EAFDC0DC1963714F00646100 /* MeteorClient.h in Headers */ = {isa = PBXBuildFile; fileRef = 888B6DFA173B6508001EED80 /* MeteorClient.h */; };
		EAFDC0DE1963716700646100 /* MeteorClient+Private.h in Headers */ = {isa = PBXBuildFile; fileRef = 052BE033183F8655005CBD6E /* MeteorClient+Private.h */; };
		EAFDC0E01963718900646100 /* ObjectiveDDP.h in Copy Files */ = {isa = PBXBuildFile; fileRef = 4000D63E170E880400296229 /* ObjectiveDDP.h */; };
/* End PBXBuildFile section */

/* Begin PBXCopyFilesBuildPhase section */
		4000D634170E880400296229 /* CopyFiles */ = {
			isa = PBXCopyFilesBuildPhase;
			buildActionMask = 2147483647;
			dstPath = "include/${PRODUCT_NAME}";
			dstSubfolderSpec = 16;
			files = (
				4000D63F170E880400296229 /* ObjectiveDDP.h in CopyFiles */,
			);
			runOnlyForDeploymentPostprocessing = 0;
		};
		EAFDC0DF1963717D00646100 /* Copy Files */ = {
			isa = PBXCopyFilesBuildPhase;
			buildActionMask = 2147483647;
			dstPath = "include/${PRODUCT_NAME}";
			dstSubfolderSpec = 16;
			files = (
				EAFDC0E01963718900646100 /* ObjectiveDDP.h in Copy Files */,
			);
			name = "Copy Files";
			runOnlyForDeploymentPostprocessing = 0;
		};
/* End PBXCopyFilesBuildPhase section */

/* Begin PBXFileReference section */
		052BE033183F8655005CBD6E /* MeteorClient+Private.h */ = {isa = PBXFileReference; fileEncoding = 4; lastKnownFileType = sourcecode.c.h; path = "MeteorClient+Private.h"; sourceTree = "<group>"; };
		07FAC83CF7A34024BB2C9295 /* Pods-ObjectiveDDP.xcconfig */ = {isa = PBXFileReference; includeInIndex = 1; lastKnownFileType = text.xcconfig; name = "Pods-ObjectiveDDP.xcconfig"; path = "Pods/Pods-ObjectiveDDP.xcconfig"; sourceTree = "<group>"; };
		2459525257B94E909C3CA1DF /* Pods.xcconfig */ = {isa = PBXFileReference; includeInIndex = 1; lastKnownFileType = text.xcconfig; name = Pods.xcconfig; path = Pods/Pods.xcconfig; sourceTree = SOURCE_ROOT; };
		2A9A1C2EBCCC497B867174AC /* libPods-ObjectiveDDP.a */ = {isa = PBXFileReference; explicitFileType = archive.ar; includeInIndex = 0; path = "libPods-ObjectiveDDP.a"; sourceTree = BUILT_PRODUCTS_DIR; };
		2C1F0C9084EA4B2DBD349673 /* libPods.a */ = {isa = PBXFileReference; explicitFileType = archive.ar; includeInIndex = 0; path = libPods.a; sourceTree = BUILT_PRODUCTS_DIR; };
		4000D636170E880400296229 /* libObjectiveDDP.a */ = {isa = PBXFileReference; explicitFileType = archive.ar; includeInIndex = 0; path = libObjectiveDDP.a; sourceTree = BUILT_PRODUCTS_DIR; };
		4000D639170E880400296229 /* Foundation.framework */ = {isa = PBXFileReference; lastKnownFileType = wrapper.framework; name = Foundation.framework; path = System/Library/Frameworks/Foundation.framework; sourceTree = SDKROOT; };
		4000D63D170E880400296229 /* ObjectiveDDP-Prefix.pch */ = {isa = PBXFileReference; lastKnownFileType = sourcecode.c.h; path = "ObjectiveDDP-Prefix.pch"; sourceTree = "<group>"; };
		4000D63E170E880400296229 /* ObjectiveDDP.h */ = {isa = PBXFileReference; lastKnownFileType = sourcecode.c.h; path = ObjectiveDDP.h; sourceTree = "<group>"; };
		4000D640170E880400296229 /* ObjectiveDDP.m */ = {isa = PBXFileReference; lastKnownFileType = sourcecode.c.objc; path = ObjectiveDDP.m; sourceTree = "<group>"; };
		4011C80217BD2AA6002AA28E /* DependencyProvider.h */ = {isa = PBXFileReference; fileEncoding = 4; lastKnownFileType = sourcecode.c.h; path = DependencyProvider.h; sourceTree = "<group>"; };
		4011C80317BD2AA6002AA28E /* DependencyProvider.m */ = {isa = PBXFileReference; fileEncoding = 4; lastKnownFileType = sourcecode.c.objc; path = DependencyProvider.m; sourceTree = "<group>"; };
		4011C80617BD2C06002AA28E /* FakeDependencyProvider.h */ = {isa = PBXFileReference; fileEncoding = 4; lastKnownFileType = sourcecode.c.h; path = FakeDependencyProvider.h; sourceTree = "<group>"; };
		4011C80717BD2C06002AA28E /* FakeDependencyProvider.m */ = {isa = PBXFileReference; fileEncoding = 4; lastKnownFileType = sourcecode.c.objc; path = FakeDependencyProvider.m; sourceTree = "<group>"; };
		4011C80A17BD2CA1002AA28E /* DDPSpecHelper.m */ = {isa = PBXFileReference; fileEncoding = 4; lastKnownFileType = sourcecode.c.objc; path = DDPSpecHelper.m; sourceTree = "<group>"; };
		4011C80D17BD2E14002AA28E /* DependencyProvider+Spec.m */ = {isa = PBXFileReference; fileEncoding = 4; lastKnownFileType = sourcecode.c.objc; path = "DependencyProvider+Spec.m"; sourceTree = "<group>"; };
		4011C80F17BD310D002AA28E /* DDPSpecHelper.h */ = {isa = PBXFileReference; fileEncoding = 4; lastKnownFileType = sourcecode.c.h; path = DDPSpecHelper.h; sourceTree = "<group>"; };
		401AEB7D170E9EC7008B38EA /* libicucore.dylib */ = {isa = PBXFileReference; lastKnownFileType = "compiled.mach-o.dylib"; name = libicucore.dylib; path = usr/lib/libicucore.dylib; sourceTree = SDKROOT; };
		401AEB7F170E9ECC008B38EA /* SystemConfiguration.framework */ = {isa = PBXFileReference; lastKnownFileType = wrapper.framework; name = SystemConfiguration.framework; path = System/Library/Frameworks/SystemConfiguration.framework; sourceTree = SDKROOT; };
		401AEB81170E9ED2008B38EA /* CFNetwork.framework */ = {isa = PBXFileReference; lastKnownFileType = wrapper.framework; name = CFNetwork.framework; path = System/Library/Frameworks/CFNetwork.framework; sourceTree = SDKROOT; };
		401AEB83170E9EEB008B38EA /* Security.framework */ = {isa = PBXFileReference; lastKnownFileType = wrapper.framework; name = Security.framework; path = System/Library/Frameworks/Security.framework; sourceTree = SDKROOT; };
		4079F9D9170EB31D00194B4A /* Specs.app */ = {isa = PBXFileReference; explicitFileType = wrapper.application; includeInIndex = 0; path = Specs.app; sourceTree = BUILT_PRODUCTS_DIR; };
		4079F9DA170EB31D00194B4A /* UIKit.framework */ = {isa = PBXFileReference; lastKnownFileType = wrapper.framework; name = UIKit.framework; path = System/Library/Frameworks/UIKit.framework; sourceTree = SDKROOT; };
		4079F9DD170EB31D00194B4A /* CoreGraphics.framework */ = {isa = PBXFileReference; lastKnownFileType = wrapper.framework; name = CoreGraphics.framework; path = System/Library/Frameworks/CoreGraphics.framework; sourceTree = SDKROOT; };
		4079F9E1170EB31D00194B4A /* Specs-Info.plist */ = {isa = PBXFileReference; lastKnownFileType = text.plist.xml; path = "Specs-Info.plist"; sourceTree = "<group>"; };
		4079F9E3170EB31D00194B4A /* en */ = {isa = PBXFileReference; lastKnownFileType = text.plist.strings; name = en; path = en.lproj/InfoPlist.strings; sourceTree = "<group>"; };
		4079F9E5170EB31D00194B4A /* main.m */ = {isa = PBXFileReference; lastKnownFileType = sourcecode.c.objc; path = main.m; sourceTree = "<group>"; };
		4079F9E7170EB31D00194B4A /* Specs-Prefix.pch */ = {isa = PBXFileReference; lastKnownFileType = sourcecode.c.h; path = "Specs-Prefix.pch"; sourceTree = "<group>"; };
		4079F9E8170EB31E00194B4A /* Cedar-iOS.framework */ = {isa = PBXFileReference; lastKnownFileType = wrapper.framework; name = "Cedar-iOS.framework"; path = "Specs/Frameworks/Cedar-iOS.framework"; sourceTree = "<group>"; };
		4079F9F6170EB3B000194B4A /* ObjectiveDDPSpec.mm */ = {isa = PBXFileReference; fileEncoding = 4; lastKnownFileType = sourcecode.cpp.objcpp; path = ObjectiveDDPSpec.mm; sourceTree = "<group>"; };
		40A305F2178D27E800546C1F /* Default-568h@2x.png */ = {isa = PBXFileReference; lastKnownFileType = image.png; path = "Default-568h@2x.png"; sourceTree = "<group>"; };
		40BAB8CC181EFE550098524C /* NSObject+Spec.m */ = {isa = PBXFileReference; fileEncoding = 4; lastKnownFileType = sourcecode.c.objc; path = "NSObject+Spec.m"; sourceTree = "<group>"; };
		40BAB8CF182051500098524C /* MeteorClient+Parsing.m */ = {isa = PBXFileReference; fileEncoding = 4; lastKnownFileType = sourcecode.c.objc; path = "MeteorClient+Parsing.m"; sourceTree = "<group>"; };
		40E901D1183809DF00CFD98C /* ObjectiveDDP.podspec */ = {isa = PBXFileReference; fileEncoding = 4; lastKnownFileType = text; path = ObjectiveDDP.podspec; sourceTree = SOURCE_ROOT; };
		40F8370E1741C62800AF2340 /* MeteorClientSpec.mm */ = {isa = PBXFileReference; fileEncoding = 4; lastKnownFileType = sourcecode.cpp.objcpp; path = MeteorClientSpec.mm; sourceTree = "<group>"; };
		430E02ACD0BC78CC53F31D72 /* MockSRWebSocket.m */ = {isa = PBXFileReference; fileEncoding = 4; lastKnownFileType = sourcecode.c.objc; path = MockSRWebSocket.m; sourceTree = "<group>"; };
		430E092B95390D2D558E5F3B /* MockObjectiveDDPDelegate.m */ = {isa = PBXFileReference; fileEncoding = 4; lastKnownFileType = sourcecode.c.objc; path = MockObjectiveDDPDelegate.m; sourceTree = "<group>"; };
		430E0AEA2F4C48D01B0BC222 /* MockSRWebSocket.h */ = {isa = PBXFileReference; fileEncoding = 4; lastKnownFileType = sourcecode.c.h; path = MockSRWebSocket.h; sourceTree = "<group>"; };
		430E0F1E6C3E7422A8791E24 /* MockObjectiveDDPDelegate.h */ = {isa = PBXFileReference; fileEncoding = 4; lastKnownFileType = sourcecode.c.h; path = MockObjectiveDDPDelegate.h; sourceTree = "<group>"; };
		5286FA1887BC49AFB425645B /* Pods.xcconfig */ = {isa = PBXFileReference; includeInIndex = 1; lastKnownFileType = text.xcconfig; name = Pods.xcconfig; path = Pods/Pods.xcconfig; sourceTree = SOURCE_ROOT; };
		888B6DFA173B6508001EED80 /* MeteorClient.h */ = {isa = PBXFileReference; fileEncoding = 4; lastKnownFileType = sourcecode.c.h; path = MeteorClient.h; sourceTree = "<group>"; };
		888B6DFB173B6508001EED80 /* MeteorClient.m */ = {isa = PBXFileReference; fileEncoding = 4; lastKnownFileType = sourcecode.c.objc; path = MeteorClient.m; sourceTree = "<group>"; };
		888B6DFD173B66EA001EED80 /* BSONIdGenerator.h */ = {isa = PBXFileReference; fileEncoding = 4; lastKnownFileType = sourcecode.c.h; path = BSONIdGenerator.h; sourceTree = "<group>"; };
		888B6DFE173B66EA001EED80 /* BSONIdGenerator.m */ = {isa = PBXFileReference; fileEncoding = 4; lastKnownFileType = sourcecode.c.objc; path = BSONIdGenerator.m; sourceTree = "<group>"; };
		DD17ECAC516047E5A9048101 /* Pods-ObjectiveDDP-MAC.xcconfig */ = {isa = PBXFileReference; includeInIndex = 1; lastKnownFileType = text.xcconfig; name = "Pods-ObjectiveDDP-MAC.xcconfig"; path = "Pods/Pods-ObjectiveDDP-MAC.xcconfig"; sourceTree = "<group>"; };
		EA78008619657BEC0046E666 /* Specs Mac */ = {isa = PBXFileReference; explicitFileType = "compiled.mach-o.executable"; includeInIndex = 0; path = "Specs Mac"; sourceTree = BUILT_PRODUCTS_DIR; };
		EA78142519638D09002B801D /* Cocoa.framework */ = {isa = PBXFileReference; lastKnownFileType = wrapper.framework; name = Cocoa.framework; path = Platforms/MacOSX.platform/Developer/SDKs/MacOSX10.9.sdk/System/Library/Frameworks/Cocoa.framework; sourceTree = DEVELOPER_DIR; };
		EA78142719639427002B801D /* libPods-ObjectiveDDP-MAC.a */ = {isa = PBXFileReference; lastKnownFileType = archive.ar; name = "libPods-ObjectiveDDP-MAC.a"; path = "../../Library/Developer/Xcode/DerivedData/ObjectiveDDP-glincxxszallpgardrdhdiejxzww/Build/Products/Debug/libPods-ObjectiveDDP-MAC.a"; sourceTree = "<group>"; };
		EA78142919639508002B801D /* libicucore.dylib */ = {isa = PBXFileReference; lastKnownFileType = "compiled.mach-o.dylib"; name = libicucore.dylib; path = Platforms/MacOSX.platform/Developer/SDKs/MacOSX10.9.sdk/usr/lib/libicucore.dylib; sourceTree = DEVELOPER_DIR; };
		EA78144019639662002B801D /* libObjectiveDDP-MAC.a */ = {isa = PBXFileReference; lastKnownFileType = archive.ar; name = "libObjectiveDDP-MAC.a"; path = "../../Library/Developer/Xcode/DerivedData/ObjectiveDDP-glincxxszallpgardrdhdiejxzww/Build/Products/Debug/libObjectiveDDP-MAC.a"; sourceTree = "<group>"; };
		EA781444196396A8002B801D /* ObjectiveDDP.h */ = {isa = PBXFileReference; lastKnownFileType = sourcecode.c.h; path = ObjectiveDDP.h; sourceTree = "<group>"; };
		EA781445196396A8002B801D /* libObjectiveDDP-MAC.a */ = {isa = PBXFileReference; lastKnownFileType = archive.ar; path = "libObjectiveDDP-MAC.a"; sourceTree = "<group>"; };
		EA781446196396A8002B801D /* libPods-ObjectiveDDP-MAC-SocketRocket.a */ = {isa = PBXFileReference; lastKnownFileType = archive.ar; path = "libPods-ObjectiveDDP-MAC-SocketRocket.a"; sourceTree = "<group>"; };
		EA781447196396A8002B801D /* libPods-ObjectiveDDP-MAC.a */ = {isa = PBXFileReference; lastKnownFileType = archive.ar; path = "libPods-ObjectiveDDP-MAC.a"; sourceTree = "<group>"; };
		EAE0FD9B19640DA900EC2EEC /* Rakefile */ = {isa = PBXFileReference; lastKnownFileType = text; path = Rakefile; sourceTree = "<group>"; };
		EAE0FD9D19640DA900EC2EEC /* Specs Mac-Prefix.pch */ = {isa = PBXFileReference; lastKnownFileType = sourcecode.c.h; path = "Specs Mac-Prefix.pch"; sourceTree = "<group>"; };
		EAE0FD9E19640DA900EC2EEC /* Cedar.framework */ = {isa = PBXFileReference; lastKnownFileType = wrapper.framework; name = Cedar.framework; path = Frameworks/Cedar.framework; sourceTree = "<group>"; };
		EAE0FDA019640DA900EC2EEC /* main.m */ = {isa = PBXFileReference; lastKnownFileType = sourcecode.c.objc; path = main.m; sourceTree = "<group>"; };
		EAE0FDA219640DA900EC2EEC /* ExampleSpec.mm */ = {isa = PBXFileReference; lastKnownFileType = sourcecode.cpp.objcpp; path = ExampleSpec.mm; sourceTree = "<group>"; };
		EAFDC0B41963706500646100 /* libObjectiveDDP-MAC.a */ = {isa = PBXFileReference; explicitFileType = archive.ar; includeInIndex = 0; path = "libObjectiveDDP-MAC.a"; sourceTree = BUILT_PRODUCTS_DIR; };
		EAFDC0B51963706500646100 /* Cocoa.framework */ = {isa = PBXFileReference; lastKnownFileType = wrapper.framework; name = Cocoa.framework; path = Library/Frameworks/Cocoa.framework; sourceTree = DEVELOPER_DIR; };
		EAFDC0B81963706500646100 /* Foundation.framework */ = {isa = PBXFileReference; lastKnownFileType = wrapper.framework; name = Foundation.framework; path = Library/Frameworks/Foundation.framework; sourceTree = SDKROOT; };
		EAFDC0B91963706500646100 /* CoreData.framework */ = {isa = PBXFileReference; lastKnownFileType = wrapper.framework; name = CoreData.framework; path = Library/Frameworks/CoreData.framework; sourceTree = SDKROOT; };
		EAFDC0BA1963706500646100 /* AppKit.framework */ = {isa = PBXFileReference; lastKnownFileType = wrapper.framework; name = AppKit.framework; path = Library/Frameworks/AppKit.framework; sourceTree = SDKROOT; };
		EAFDC0C61963706500646100 /* XCTest.framework */ = {isa = PBXFileReference; lastKnownFileType = wrapper.framework; name = XCTest.framework; path = Library/Frameworks/XCTest.framework; sourceTree = DEVELOPER_DIR; };
/* End PBXFileReference section */

/* Begin PBXFrameworksBuildPhase section */
		4000D633170E880400296229 /* Frameworks */ = {
			isa = PBXFrameworksBuildPhase;
			buildActionMask = 2147483647;
			files = (
				401AEB84170E9EEB008B38EA /* Security.framework in Frameworks */,
				401AEB82170E9ED2008B38EA /* CFNetwork.framework in Frameworks */,
				401AEB80170E9ECC008B38EA /* SystemConfiguration.framework in Frameworks */,
				4000D63A170E880400296229 /* Foundation.framework in Frameworks */,
				401AEB7E170E9EC7008B38EA /* libicucore.dylib in Frameworks */,
				B89EED0370974B0DB6B267A5 /* libPods-ObjectiveDDP.a in Frameworks */,
			);
			runOnlyForDeploymentPostprocessing = 0;
		};
		4079F9D6170EB31D00194B4A /* Frameworks */ = {
			isa = PBXFrameworksBuildPhase;
			buildActionMask = 2147483647;
			files = (
				4079F9F4170EB36700194B4A /* libicucore.dylib in Frameworks */,
				4079F9F3170EB36000194B4A /* SystemConfiguration.framework in Frameworks */,
				4079F9F2170EB35800194B4A /* CFNetwork.framework in Frameworks */,
				4079F9F1170EB35200194B4A /* Security.framework in Frameworks */,
				4079F9DB170EB31D00194B4A /* UIKit.framework in Frameworks */,
				4079F9DC170EB31D00194B4A /* Foundation.framework in Frameworks */,
				4079F9DE170EB31D00194B4A /* CoreGraphics.framework in Frameworks */,
				4079F9E9170EB31E00194B4A /* Cedar-iOS.framework in Frameworks */,
				570DE62F4BD74C18AE51ED8C /* libPods.a in Frameworks */,
			);
			runOnlyForDeploymentPostprocessing = 0;
		};
		EA78008419657BEC0046E666 /* Frameworks */ = {
			isa = PBXFrameworksBuildPhase;
			buildActionMask = 2147483647;
			files = (
				EA7800A719657D930046E666 /* libPods-ObjectiveDDP-MAC.a in Frameworks */,
				EA78008719657BEC0046E666 /* Foundation.framework in Frameworks */,
				EA78009319657C560046E666 /* Cedar.framework in Frameworks */,
			);
			runOnlyForDeploymentPostprocessing = 0;
		};
		EAFDC0B11963706500646100 /* Frameworks */ = {
			isa = PBXFrameworksBuildPhase;
			buildActionMask = 2147483647;
			files = (
				EA78142A19639508002B801D /* libicucore.dylib in Frameworks */,
				EA78142619638D09002B801D /* Cocoa.framework in Frameworks */,
				EA78142819639427002B801D /* libPods-ObjectiveDDP-MAC.a in Frameworks */,
			);
			runOnlyForDeploymentPostprocessing = 0;
		};
/* End PBXFrameworksBuildPhase section */

/* Begin PBXGroup section */
		4000D62D170E880400296229 = {
			isa = PBXGroup;
			children = (
				40A305F2178D27E800546C1F /* Default-568h@2x.png */,
				4000D63B170E880400296229 /* ObjectiveDDP */,
				4079F9DF170EB31D00194B4A /* Specs */,
				EAE0FD9A19640DA900EC2EEC /* Specs Mac */,
				4000D638170E880400296229 /* Frameworks */,
				4000D637170E880400296229 /* Products */,
				EA781441196396A8002B801D /* Products-Mac */,
				07FAC83CF7A34024BB2C9295 /* Pods-ObjectiveDDP.xcconfig */,
				DD17ECAC516047E5A9048101 /* Pods-ObjectiveDDP-MAC.xcconfig */,
			);
			sourceTree = "<group>";
		};
		4000D637170E880400296229 /* Products */ = {
			isa = PBXGroup;
			children = (
				4000D636170E880400296229 /* libObjectiveDDP.a */,
				4079F9D9170EB31D00194B4A /* Specs.app */,
				EAFDC0B41963706500646100 /* libObjectiveDDP-MAC.a */,
				EA78008619657BEC0046E666 /* Specs Mac */,
			);
			name = Products;
			sourceTree = "<group>";
		};
		4000D638170E880400296229 /* Frameworks */ = {
			isa = PBXGroup;
			children = (
				EA78144019639662002B801D /* libObjectiveDDP-MAC.a */,
				EA78142919639508002B801D /* libicucore.dylib */,
				EA78142719639427002B801D /* libPods-ObjectiveDDP-MAC.a */,
				EA78142519638D09002B801D /* Cocoa.framework */,
				2C1F0C9084EA4B2DBD349673 /* libPods.a */,
				401AEB7D170E9EC7008B38EA /* libicucore.dylib */,
				4079F9DD170EB31D00194B4A /* CoreGraphics.framework */,
				4079F9E8170EB31E00194B4A /* Cedar-iOS.framework */,
				401AEB83170E9EEB008B38EA /* Security.framework */,
				401AEB81170E9ED2008B38EA /* CFNetwork.framework */,
				401AEB7F170E9ECC008B38EA /* SystemConfiguration.framework */,
				4000D639170E880400296229 /* Foundation.framework */,
				4079F9DA170EB31D00194B4A /* UIKit.framework */,
				2C1F0C9084EA4B2DBD349673 /* libPods.a */,
				EAFDC0B51963706500646100 /* Cocoa.framework */,
				EAFDC0C61963706500646100 /* XCTest.framework */,
				EAFDC0B71963706500646100 /* Other Frameworks */,
				2A9A1C2EBCCC497B867174AC /* libPods-ObjectiveDDP.a */,
			);
			name = Frameworks;
			sourceTree = "<group>";
		};
		4000D63B170E880400296229 /* ObjectiveDDP */ = {
			isa = PBXGroup;
			children = (
				4011C80217BD2AA6002AA28E /* DependencyProvider.h */,
				4011C80317BD2AA6002AA28E /* DependencyProvider.m */,
				888B6DFD173B66EA001EED80 /* BSONIdGenerator.h */,
				888B6DFE173B66EA001EED80 /* BSONIdGenerator.m */,
				888B6DFA173B6508001EED80 /* MeteorClient.h */,
				888B6DFB173B6508001EED80 /* MeteorClient.m */,
				052BE033183F8655005CBD6E /* MeteorClient+Private.h */,
				40BAB8CF182051500098524C /* MeteorClient+Parsing.m */,
				4000D63E170E880400296229 /* ObjectiveDDP.h */,
				4000D640170E880400296229 /* ObjectiveDDP.m */,
				4000D63C170E880400296229 /* Supporting Files */,
			);
			path = ObjectiveDDP;
			sourceTree = "<group>";
		};
		4000D63C170E880400296229 /* Supporting Files */ = {
			isa = PBXGroup;
			children = (
				40E901D1183809DF00CFD98C /* ObjectiveDDP.podspec */,
				5286FA1887BC49AFB425645B /* Pods.xcconfig */,
				4000D63D170E880400296229 /* ObjectiveDDP-Prefix.pch */,
			);
			name = "Supporting Files";
			sourceTree = "<group>";
		};
		4079F9DF170EB31D00194B4A /* Specs */ = {
			isa = PBXGroup;
			children = (
				4011C80D17BD2E14002AA28E /* DependencyProvider+Spec.m */,
				40BAB8CC181EFE550098524C /* NSObject+Spec.m */,
				4011C80F17BD310D002AA28E /* DDPSpecHelper.h */,
				4011C80A17BD2CA1002AA28E /* DDPSpecHelper.m */,
				40F8370E1741C62800AF2340 /* MeteorClientSpec.mm */,
				4079F9F6170EB3B000194B4A /* ObjectiveDDPSpec.mm */,
				430E092A40EC4FAED3B6C76B /* Mocks */,
				4079F9E0170EB31D00194B4A /* Supporting Files */,
			);
			path = Specs;
			sourceTree = "<group>";
		};
		4079F9E0170EB31D00194B4A /* Supporting Files */ = {
			isa = PBXGroup;
			children = (
				2459525257B94E909C3CA1DF /* Pods.xcconfig */,
				4079F9E1170EB31D00194B4A /* Specs-Info.plist */,
				4079F9E2170EB31D00194B4A /* InfoPlist.strings */,
				4079F9E5170EB31D00194B4A /* main.m */,
				4079F9E7170EB31D00194B4A /* Specs-Prefix.pch */,
			);
			name = "Supporting Files";
			sourceTree = "<group>";
		};
		430E092A40EC4FAED3B6C76B /* Mocks */ = {
			isa = PBXGroup;
			children = (
				430E0AEA2F4C48D01B0BC222 /* MockSRWebSocket.h */,
				430E092B95390D2D558E5F3B /* MockObjectiveDDPDelegate.m */,
				430E02ACD0BC78CC53F31D72 /* MockSRWebSocket.m */,
				430E0F1E6C3E7422A8791E24 /* MockObjectiveDDPDelegate.h */,
				4011C80617BD2C06002AA28E /* FakeDependencyProvider.h */,
				4011C80717BD2C06002AA28E /* FakeDependencyProvider.m */,
			);
			path = Mocks;
			sourceTree = "<group>";
		};
		EA781441196396A8002B801D /* Products-Mac */ = {
			isa = PBXGroup;
			children = (
				EA781442196396A8002B801D /* include */,
				EA781445196396A8002B801D /* libObjectiveDDP-MAC.a */,
				EA781446196396A8002B801D /* libPods-ObjectiveDDP-MAC-SocketRocket.a */,
				EA781447196396A8002B801D /* libPods-ObjectiveDDP-MAC.a */,
			);
			name = "Products-Mac";
			path = "../../Library/Developer/Xcode/DerivedData/ObjectiveDDP-glincxxszallpgardrdhdiejxzww/Build/Products/Debug";
			sourceTree = "<group>";
		};
		EA781442196396A8002B801D /* include */ = {
			isa = PBXGroup;
			children = (
				EA781443196396A8002B801D /* ObjectiveDDP-MAC */,
			);
			path = include;
			sourceTree = "<group>";
		};
		EA781443196396A8002B801D /* ObjectiveDDP-MAC */ = {
			isa = PBXGroup;
			children = (
				EA781444196396A8002B801D /* ObjectiveDDP.h */,
			);
			path = "ObjectiveDDP-MAC";
			sourceTree = "<group>";
		};
		EAE0FD9A19640DA900EC2EEC /* Specs Mac */ = {
			isa = PBXGroup;
			children = (
				EAE0FD9B19640DA900EC2EEC /* Rakefile */,
				EAE0FD9E19640DA900EC2EEC /* Cedar.framework */,
				EAE0FDA019640DA900EC2EEC /* main.m */,
				EAE0FDA219640DA900EC2EEC /* ExampleSpec.mm */,
				EAE0FD9C19640DA900EC2EEC /* Supporting Files */,
			);
			path = "Specs Mac";
			sourceTree = "<group>";
		};
		EAE0FD9C19640DA900EC2EEC /* Supporting Files */ = {
			isa = PBXGroup;
			children = (
				EAE0FD9D19640DA900EC2EEC /* Specs Mac-Prefix.pch */,
			);
			name = "Supporting Files";
			sourceTree = "<group>";
		};
		EAFDC0B71963706500646100 /* Other Frameworks */ = {
			isa = PBXGroup;
			children = (
				EAFDC0B81963706500646100 /* Foundation.framework */,
				EAFDC0B91963706500646100 /* CoreData.framework */,
				EAFDC0BA1963706500646100 /* AppKit.framework */,
			);
			name = "Other Frameworks";
			sourceTree = "<group>";
		};
/* End PBXGroup section */

/* Begin PBXHeadersBuildPhase section */
		EAFDC0B21963706500646100 /* Headers */ = {
			isa = PBXHeadersBuildPhase;
			buildActionMask = 2147483647;
			files = (
				EAFDC0DA1963714800646100 /* DependencyProvider.h in Headers */,
				EAFDC0DB1963714B00646100 /* BSONIdGenerator.h in Headers */,
				EAFDC0DE1963716700646100 /* MeteorClient+Private.h in Headers */,
				EAFDC0DC1963714F00646100 /* MeteorClient.h in Headers */,
			);
			runOnlyForDeploymentPostprocessing = 0;
		};
/* End PBXHeadersBuildPhase section */

/* Begin PBXNativeTarget section */
		4000D635170E880400296229 /* ObjectiveDDP */ = {
			isa = PBXNativeTarget;
			buildConfigurationList = 4000D644170E880400296229 /* Build configuration list for PBXNativeTarget "ObjectiveDDP" */;
			buildPhases = (
				3929C41BCE2F4F36AFFF4AA9 /* Check Pods Manifest.lock */,
				4000D632170E880400296229 /* Sources */,
				4000D633170E880400296229 /* Frameworks */,
				4000D634170E880400296229 /* CopyFiles */,
				648CA590930A4D87BE530DBD /* Copy Pods Resources */,
			);
			buildRules = (
			);
			dependencies = (
			);
			name = ObjectiveDDP;
			productName = ObjectiveDDP;
			productReference = 4000D636170E880400296229 /* libObjectiveDDP.a */;
			productType = "com.apple.product-type.library.static";
		};
		4079F9D8170EB31D00194B4A /* Specs */ = {
			isa = PBXNativeTarget;
			buildConfigurationList = 4079F9EC170EB31E00194B4A /* Build configuration list for PBXNativeTarget "Specs" */;
			buildPhases = (
				4079F9D5170EB31D00194B4A /* Sources */,
				4079F9D6170EB31D00194B4A /* Frameworks */,
				4079F9D7170EB31D00194B4A /* Resources */,
				063296B82B464E808F5E3E74 /* Copy Pods Resources */,
			);
			buildRules = (
			);
			dependencies = (
			);
			name = Specs;
			productName = Specs;
			productReference = 4079F9D9170EB31D00194B4A /* Specs.app */;
			productType = "com.apple.product-type.application";
		};
		EA78008519657BEC0046E666 /* Specs Mac */ = {
			isa = PBXNativeTarget;
			buildConfigurationList = EA78009219657BEC0046E666 /* Build configuration list for PBXNativeTarget "Specs Mac" */;
			buildPhases = (
				EA78008219657BEC0046E666 /* ShellScript */,
				EA78008319657BEC0046E666 /* Sources */,
				EA78008419657BEC0046E666 /* Frameworks */,
			);
			buildRules = (
			);
			dependencies = (
			);
			name = "Specs Mac";
			productName = "Specs Mac";
			productReference = EA78008619657BEC0046E666 /* Specs Mac */;
			productType = "com.apple.product-type.tool";
		};
		EAFDC0B31963706500646100 /* ObjectiveDDP-MAC */ = {
			isa = PBXNativeTarget;
			buildConfigurationList = EAFDC0D81963706500646100 /* Build configuration list for PBXNativeTarget "ObjectiveDDP-MAC" */;
			buildPhases = (
				76C97F45F4634D43A3036751 /* Check Pods Manifest.lock */,
				EAFDC0B01963706500646100 /* Sources */,
				EAFDC0B11963706500646100 /* Frameworks */,
				EAFDC0B21963706500646100 /* Headers */,
				633E6A0C61F34409975C4079 /* Copy Pods Resources */,
				EAFDC0DF1963717D00646100 /* Copy Files */,
			);
			buildRules = (
			);
			dependencies = (
			);
			name = "ObjectiveDDP-MAC";
			productName = "ObjectiveDDP-MAC";
			productReference = EAFDC0B41963706500646100 /* libObjectiveDDP-MAC.a */;
			productType = "com.apple.product-type.library.static";
		};
/* End PBXNativeTarget section */

/* Begin PBXProject section */
		4000D62E170E880400296229 /* Project object */ = {
			isa = PBXProject;
			attributes = {
				LastUpgradeCheck = 0460;
				ORGANIZATIONNAME = Rebounds;
			};
			buildConfigurationList = 4000D631170E880400296229 /* Build configuration list for PBXProject "ObjectiveDDP" */;
			compatibilityVersion = "Xcode 3.2";
			developmentRegion = English;
			hasScannedForEncodings = 0;
			knownRegions = (
				en,
			);
			mainGroup = 4000D62D170E880400296229;
			productRefGroup = 4000D637170E880400296229 /* Products */;
			projectDirPath = "";
			projectRoot = "";
			targets = (
				4000D635170E880400296229 /* ObjectiveDDP */,
				4079F9D8170EB31D00194B4A /* Specs */,
				EAFDC0B31963706500646100 /* ObjectiveDDP-MAC */,
				EA78008519657BEC0046E666 /* Specs Mac */,
			);
		};
/* End PBXProject section */

/* Begin PBXResourcesBuildPhase section */
		4079F9D7170EB31D00194B4A /* Resources */ = {
			isa = PBXResourcesBuildPhase;
			buildActionMask = 2147483647;
			files = (
				4079F9E4170EB31D00194B4A /* InfoPlist.strings in Resources */,
				40A305F3178D27E800546C1F /* Default-568h@2x.png in Resources */,
			);
			runOnlyForDeploymentPostprocessing = 0;
		};
/* End PBXResourcesBuildPhase section */

/* Begin PBXShellScriptBuildPhase section */
		063296B82B464E808F5E3E74 /* Copy Pods Resources */ = {
			isa = PBXShellScriptBuildPhase;
			buildActionMask = 2147483647;
			files = (
			);
			inputPaths = (
			);
			name = "Copy Pods Resources";
			outputPaths = (
			);
			runOnlyForDeploymentPostprocessing = 0;
			shellPath = /bin/sh;
			shellScript = "\"${SRCROOT}/Pods/Pods-resources.sh\"\n";
		};
		3929C41BCE2F4F36AFFF4AA9 /* Check Pods Manifest.lock */ = {
			isa = PBXShellScriptBuildPhase;
			buildActionMask = 2147483647;
			files = (
			);
			inputPaths = (
			);
			name = "Check Pods Manifest.lock";
			outputPaths = (
			);
			runOnlyForDeploymentPostprocessing = 0;
			shellPath = /bin/sh;
			shellScript = "diff \"${PODS_ROOT}/../Podfile.lock\" \"${PODS_ROOT}/Manifest.lock\" > /dev/null\nif [[ $? != 0 ]] ; then\n    cat << EOM\nerror: The sandbox is not in sync with the Podfile.lock. Run 'pod install' or update your CocoaPods installation.\nEOM\n    exit 1\nfi\n";
			showEnvVarsInLog = 0;
		};
		633E6A0C61F34409975C4079 /* Copy Pods Resources */ = {
			isa = PBXShellScriptBuildPhase;
			buildActionMask = 2147483647;
			files = (
			);
			inputPaths = (
			);
			name = "Copy Pods Resources";
			outputPaths = (
			);
			runOnlyForDeploymentPostprocessing = 0;
			shellPath = /bin/sh;
			shellScript = "\"${SRCROOT}/Pods/Pods-ObjectiveDDP-MAC-resources.sh\"\n";
			showEnvVarsInLog = 0;
		};
		648CA590930A4D87BE530DBD /* Copy Pods Resources */ = {
			isa = PBXShellScriptBuildPhase;
			buildActionMask = 2147483647;
			files = (
			);
			inputPaths = (
			);
			name = "Copy Pods Resources";
			outputPaths = (
			);
			runOnlyForDeploymentPostprocessing = 0;
			shellPath = /bin/sh;
			shellScript = "\"${SRCROOT}/Pods/Pods-ObjectiveDDP-resources.sh\"\n";
			showEnvVarsInLog = 0;
		};
		76C97F45F4634D43A3036751 /* Check Pods Manifest.lock */ = {
			isa = PBXShellScriptBuildPhase;
			buildActionMask = 2147483647;
			files = (
			);
			inputPaths = (
			);
			name = "Check Pods Manifest.lock";
			outputPaths = (
			);
			runOnlyForDeploymentPostprocessing = 0;
			shellPath = /bin/sh;
			shellScript = "diff \"${PODS_ROOT}/../Podfile.lock\" \"${PODS_ROOT}/Manifest.lock\" > /dev/null\nif [[ $? != 0 ]] ; then\n    cat << EOM\nerror: The sandbox is not in sync with the Podfile.lock. Run 'pod install' or update your CocoaPods installation.\nEOM\n    exit 1\nfi\n";
			showEnvVarsInLog = 0;
		};
		EA78008219657BEC0046E666 /* ShellScript */ = {
			isa = PBXShellScriptBuildPhase;
			buildActionMask = 2147483647;
			files = (
			);
			inputPaths = (
			);
			outputPaths = (
			);
			runOnlyForDeploymentPostprocessing = 0;
			shellPath = /bin/sh;
			shellScript = "cp -R \"${TARGET_NAME}\"/Frameworks/Cedar.framework \"${BUILT_PRODUCTS_DIR}\"";
		};
/* End PBXShellScriptBuildPhase section */

/* Begin PBXSourcesBuildPhase section */
		4000D632170E880400296229 /* Sources */ = {
			isa = PBXSourcesBuildPhase;
			buildActionMask = 2147483647;
			files = (
				4000D641170E880400296229 /* ObjectiveDDP.m in Sources */,
				888B6DFC173B6508001EED80 /* MeteorClient.m in Sources */,
				40BAB8D0182051500098524C /* MeteorClient+Parsing.m in Sources */,
				888B6DFF173B66EA001EED80 /* BSONIdGenerator.m in Sources */,
				4011C80417BD2AA6002AA28E /* DependencyProvider.m in Sources */,
			);
			runOnlyForDeploymentPostprocessing = 0;
		};
		4079F9D5170EB31D00194B4A /* Sources */ = {
			isa = PBXSourcesBuildPhase;
			buildActionMask = 2147483647;
			files = (
				40F8370C1741C59700AF2340 /* BSONIdGenerator.m in Sources */,
				40F8370D1741C59700AF2340 /* MeteorClient.m in Sources */,
				40BAB8D1182051500098524C /* MeteorClient+Parsing.m in Sources */,
				4079F9F5170EB39200194B4A /* ObjectiveDDP.m in Sources */,
				4079F9E6170EB31D00194B4A /* main.m in Sources */,
				4079F9F7170EB3B000194B4A /* ObjectiveDDPSpec.mm in Sources */,
				430E08B6E86CA801EE954D0F /* MockObjectiveDDPDelegate.m in Sources */,
				40BAB8CD181EFE550098524C /* NSObject+Spec.m in Sources */,
				430E014E41C9666E08613FCE /* MockSRWebSocket.m in Sources */,
				40F8370F1741C62800AF2340 /* MeteorClientSpec.mm in Sources */,
				4011C80517BD2AA6002AA28E /* DependencyProvider.m in Sources */,
				4011C80817BD2C06002AA28E /* FakeDependencyProvider.m in Sources */,
				4011C80B17BD2CA1002AA28E /* DDPSpecHelper.m in Sources */,
				4011C80E17BD2E14002AA28E /* DependencyProvider+Spec.m in Sources */,
			);
			runOnlyForDeploymentPostprocessing = 0;
		};
		EA78008319657BEC0046E666 /* Sources */ = {
			isa = PBXSourcesBuildPhase;
			buildActionMask = 2147483647;
			files = (
				EA78009E19657CCE0046E666 /* ObjectiveDDP.m in Sources */,
				EA78009D19657CCB0046E666 /* MeteorClient+Parsing.m in Sources */,
				EA78009C19657CC60046E666 /* MeteorClient.m in Sources */,
				EA78009B19657CC40046E666 /* BSONIdGenerator.m in Sources */,
				EA78009F19657CDD0046E666 /* main.m in Sources */,
				EA78009A19657CC10046E666 /* DependencyProvider.m in Sources */,
				EA78009419657C5F0046E666 /* DependencyProvider+Spec.m in Sources */,
				EA78009519657C610046E666 /* NSObject+Spec.m in Sources */,
				EA7800A119657D100046E666 /* MockObjectiveDDPDelegate.m in Sources */,
				EA7800A619657D280046E666 /* FakeDependencyProvider.m in Sources */,
				EA7800A219657D120046E666 /* MockSRWebSocket.m in Sources */,
				EA78009719657C670046E666 /* DDPSpecHelper.m in Sources */,
				EA78009819657C6A0046E666 /* MeteorClientSpec.mm in Sources */,
				EA78009919657C6D0046E666 /* ObjectiveDDPSpec.mm in Sources */,
			);
			runOnlyForDeploymentPostprocessing = 0;
		};
		EAFDC0B01963706500646100 /* Sources */ = {
			isa = PBXSourcesBuildPhase;
			buildActionMask = 2147483647;
			files = (
				EA78143319639590002B801D /* MeteorClient+Parsing.m in Sources */,
				EA78143419639592002B801D /* MeteorClient.m in Sources */,
				EA78143519639595002B801D /* BSONIdGenerator.m in Sources */,
				EA781438196395A3002B801D /* ObjectiveDDP.m in Sources */,
				EA78143619639599002B801D /* DependencyProvider.m in Sources */,
			);
			runOnlyForDeploymentPostprocessing = 0;
		};
/* End PBXSourcesBuildPhase section */

/* Begin PBXVariantGroup section */
		4079F9E2170EB31D00194B4A /* InfoPlist.strings */ = {
			isa = PBXVariantGroup;
			children = (
				4079F9E3170EB31D00194B4A /* en */,
			);
			name = InfoPlist.strings;
			sourceTree = "<group>";
		};
/* End PBXVariantGroup section */

/* Begin XCBuildConfiguration section */
		4000D642170E880400296229 /* Debug */ = {
			isa = XCBuildConfiguration;
			buildSettings = {
				ALWAYS_SEARCH_USER_PATHS = NO;
				CLANG_CXX_LANGUAGE_STANDARD = "gnu++0x";
				CLANG_CXX_LIBRARY = "libc++";
				CLANG_ENABLE_OBJC_ARC = YES;
				CLANG_WARN_CONSTANT_CONVERSION = YES;
				CLANG_WARN_EMPTY_BODY = YES;
				CLANG_WARN_ENUM_CONVERSION = YES;
				CLANG_WARN_INT_CONVERSION = YES;
				CLANG_WARN__DUPLICATE_METHOD_MATCH = YES;
				COPY_PHASE_STRIP = NO;
				GCC_C_LANGUAGE_STANDARD = gnu99;
				GCC_DYNAMIC_NO_PIC = NO;
				GCC_OPTIMIZATION_LEVEL = 0;
				GCC_PREPROCESSOR_DEFINITIONS = (
					"DEBUG=1",
					"$(inherited)",
				);
				GCC_SYMBOLS_PRIVATE_EXTERN = NO;
				GCC_WARN_ABOUT_RETURN_TYPE = YES;
				GCC_WARN_UNINITIALIZED_AUTOS = YES;
				GCC_WARN_UNUSED_VARIABLE = YES;
				IPHONEOS_DEPLOYMENT_TARGET = 6.1;
				ONLY_ACTIVE_ARCH = YES;
				SDKROOT = iphoneos;
			};
			name = Debug;
		};
		4000D643170E880400296229 /* Release */ = {
			isa = XCBuildConfiguration;
			buildSettings = {
				ALWAYS_SEARCH_USER_PATHS = NO;
				CLANG_CXX_LANGUAGE_STANDARD = "gnu++0x";
				CLANG_CXX_LIBRARY = "libc++";
				CLANG_ENABLE_OBJC_ARC = YES;
				CLANG_WARN_CONSTANT_CONVERSION = YES;
				CLANG_WARN_EMPTY_BODY = YES;
				CLANG_WARN_ENUM_CONVERSION = YES;
				CLANG_WARN_INT_CONVERSION = YES;
				CLANG_WARN__DUPLICATE_METHOD_MATCH = YES;
				COPY_PHASE_STRIP = YES;
				GCC_C_LANGUAGE_STANDARD = gnu99;
				GCC_WARN_ABOUT_RETURN_TYPE = YES;
				GCC_WARN_UNINITIALIZED_AUTOS = YES;
				GCC_WARN_UNUSED_VARIABLE = YES;
				IPHONEOS_DEPLOYMENT_TARGET = 6.1;
				SDKROOT = iphoneos;
				VALIDATE_PRODUCT = YES;
			};
			name = Release;
		};
		4000D645170E880400296229 /* Debug */ = {
			isa = XCBuildConfiguration;
			baseConfigurationReference = 07FAC83CF7A34024BB2C9295 /* Pods-ObjectiveDDP.xcconfig */;
			buildSettings = {
				DSTROOT = /tmp/ObjectiveDDP.dst;
				GCC_PRECOMPILE_PREFIX_HEADER = YES;
				GCC_PREFIX_HEADER = "ObjectiveDDP/ObjectiveDDP-Prefix.pch";
				HEADER_SEARCH_PATHS = "${PODS_HEADERS_SEARCH_PATHS}";
				IPHONEOS_DEPLOYMENT_TARGET = 6.0;
				LIBRARY_SEARCH_PATHS = (
					"$(inherited)",
					"\\\"$(SDKROOT)/usr/lib/system\\\"",
					"\\\"$(SRCROOT)/ObjectiveDDP\\\"",
					/Users/boundsj/workspace/ios/ObjectiveDDP/ObjectiveDDP,
				);
				OTHER_LDFLAGS = "";
				PRODUCT_NAME = "$(TARGET_NAME)";
				SKIP_INSTALL = YES;
			};
			name = Debug;
		};
		4000D646170E880400296229 /* Release */ = {
			isa = XCBuildConfiguration;
			baseConfigurationReference = 07FAC83CF7A34024BB2C9295 /* Pods-ObjectiveDDP.xcconfig */;
			buildSettings = {
				DSTROOT = /tmp/ObjectiveDDP.dst;
				GCC_PRECOMPILE_PREFIX_HEADER = YES;
				GCC_PREFIX_HEADER = "ObjectiveDDP/ObjectiveDDP-Prefix.pch";
				HEADER_SEARCH_PATHS = "${PODS_HEADERS_SEARCH_PATHS}";
				IPHONEOS_DEPLOYMENT_TARGET = 6.0;
				LIBRARY_SEARCH_PATHS = (
					"$(inherited)",
					"\\\"$(SDKROOT)/usr/lib/system\\\"",
					"\\\"$(SRCROOT)/ObjectiveDDP\\\"",
					/Users/boundsj/workspace/ios/ObjectiveDDP/ObjectiveDDP,
				);
				OTHER_LDFLAGS = "";
				PRODUCT_NAME = "$(TARGET_NAME)";
				SKIP_INSTALL = YES;
			};
			name = Release;
		};
		4079F9ED170EB31E00194B4A /* Debug */ = {
			isa = XCBuildConfiguration;
			baseConfigurationReference = 2459525257B94E909C3CA1DF /* Pods.xcconfig */;
			buildSettings = {
				"CODE_SIGN_IDENTITY[sdk=iphoneos*]" = "";
				FRAMEWORK_SEARCH_PATHS = (
					"$(inherited)",
					"\"$(SRCROOT)/Specs/Frameworks\"/**",
				);
				GCC_PRECOMPILE_PREFIX_HEADER = YES;
				GCC_PREFIX_HEADER = "Specs/Specs-Prefix.pch";
				HEADER_SEARCH_PATHS = "${PODS_HEADERS_SEARCH_PATHS}";
				INFOPLIST_FILE = "Specs/Specs-Info.plist";
				IPHONEOS_DEPLOYMENT_TARGET = 6.0;
				LIBRARY_SEARCH_PATHS = (
					"$(inherited)",
					"\"$(SDKROOT)/usr/lib/system\"",
					"\"$(SRCROOT)/ObjectiveDDP\"",
				);
				OTHER_LDFLAGS = (
					"-ObjC",
					"-all_load",
					"-lstdc++",
				);
				PRODUCT_NAME = "$(TARGET_NAME)";
				VALID_ARCHS = "arm64 armv7 arm7s";
				WRAPPER_EXTENSION = app;
			};
			name = Debug;
		};
		4079F9EE170EB31E00194B4A /* Release */ = {
			isa = XCBuildConfiguration;
			baseConfigurationReference = 2459525257B94E909C3CA1DF /* Pods.xcconfig */;
			buildSettings = {
				"CODE_SIGN_IDENTITY[sdk=iphoneos*]" = "";
				FRAMEWORK_SEARCH_PATHS = (
					"$(inherited)",
					"\"$(SRCROOT)/Specs/Frameworks\"/**",
				);
				GCC_PRECOMPILE_PREFIX_HEADER = YES;
				GCC_PREFIX_HEADER = "Specs/Specs-Prefix.pch";
				HEADER_SEARCH_PATHS = "${PODS_HEADERS_SEARCH_PATHS}";
				INFOPLIST_FILE = "Specs/Specs-Info.plist";
				IPHONEOS_DEPLOYMENT_TARGET = 6.0;
				LIBRARY_SEARCH_PATHS = (
					"$(inherited)",
					"\"$(SDKROOT)/usr/lib/system\"",
					"\"$(SRCROOT)/ObjectiveDDP\"",
				);
				OTHER_CFLAGS = "-DNS_BLOCK_ASSERTIONS=1";
				OTHER_LDFLAGS = (
					"-ObjC",
					"-all_load",
					"-lstdc++",
				);
				PRODUCT_NAME = "$(TARGET_NAME)";
				VALID_ARCHS = "arm64 armv7 arm7s";
				WRAPPER_EXTENSION = app;
			};
			name = Release;
		};
		EA78009019657BEC0046E666 /* Debug */ = {
			isa = XCBuildConfiguration;
			buildSettings = {
				CLANG_ENABLE_MODULES = YES;
				CLANG_WARN_BOOL_CONVERSION = YES;
				CLANG_WARN_DIRECT_OBJC_ISA_USAGE = YES_ERROR;
				CLANG_WARN_OBJC_ROOT_CLASS = YES_ERROR;
				FRAMEWORK_SEARCH_PATHS = (
					"$(inherited)",
					"$(PROJECT_DIR)/Specs",
					Mac/Frameworks,
				);
				GCC_ENABLE_OBJC_EXCEPTIONS = YES;
				GCC_PRECOMPILE_PREFIX_HEADER = YES;
				GCC_PREFIX_HEADER = "Specs Mac/Specs Mac-Prefix.pch";
				GCC_PREPROCESSOR_DEFINITIONS = (
					"DEBUG=1",
					"$(inherited)",
				);
				GCC_WARN_64_TO_32_BIT_CONVERSION = YES;
				GCC_WARN_ABOUT_RETURN_TYPE = YES_ERROR;
				GCC_WARN_UNDECLARED_SELECTOR = YES;
				GCC_WARN_UNINITIALIZED_AUTOS = YES_AGGRESSIVE;
				GCC_WARN_UNUSED_FUNCTION = YES;
				LIBRARY_SEARCH_PATHS = (
					"$(inherited)",
					"$(USER_LIBRARY_DIR)/Developer/Xcode/DerivedData/ObjectiveDDP-glincxxszallpgardrdhdiejxzww/Build/Products/Debug",
				);
				MACOSX_DEPLOYMENT_TARGET = 10.9;
				OTHER_CFLAGS = (
					"$(inherited)",
					"-isystem",
					"\"${PODS_ROOT}/Headers\"",
					"-isystem",
					"\"${PODS_ROOT}/Headers/SocketRocket\"",
				);
				PODS_ROOT = "${SRCROOT}/Pods";
				PRODUCT_NAME = "$(TARGET_NAME)";
				SDKROOT = macosx;
			};
			name = Debug;
		};
		EA78009119657BEC0046E666 /* Release */ = {
			isa = XCBuildConfiguration;
			buildSettings = {
				CLANG_ENABLE_MODULES = YES;
				CLANG_WARN_BOOL_CONVERSION = YES;
				CLANG_WARN_DIRECT_OBJC_ISA_USAGE = YES_ERROR;
				CLANG_WARN_OBJC_ROOT_CLASS = YES_ERROR;
				DEBUG_INFORMATION_FORMAT = "dwarf-with-dsym";
				ENABLE_NS_ASSERTIONS = NO;
				FRAMEWORK_SEARCH_PATHS = (
					"$(inherited)",
					"$(PROJECT_DIR)/Specs",
					Mac/Frameworks,
				);
				GCC_ENABLE_OBJC_EXCEPTIONS = YES;
				GCC_PRECOMPILE_PREFIX_HEADER = YES;
				GCC_PREFIX_HEADER = "Specs Mac/Specs Mac-Prefix.pch";
				GCC_WARN_64_TO_32_BIT_CONVERSION = YES;
				GCC_WARN_ABOUT_RETURN_TYPE = YES_ERROR;
				GCC_WARN_UNDECLARED_SELECTOR = YES;
				GCC_WARN_UNINITIALIZED_AUTOS = YES_AGGRESSIVE;
				GCC_WARN_UNUSED_FUNCTION = YES;
				LIBRARY_SEARCH_PATHS = (
					"$(inherited)",
					"$(USER_LIBRARY_DIR)/Developer/Xcode/DerivedData/ObjectiveDDP-glincxxszallpgardrdhdiejxzww/Build/Products/Debug",
				);
				MACOSX_DEPLOYMENT_TARGET = 10.9;
				PODS_ROOT = "${SRCROOT}/Pods";
				PRODUCT_NAME = "$(TARGET_NAME)";
				SDKROOT = macosx;
			};
			name = Release;
		};
		EAFDC0D41963706500646100 /* Debug */ = {
			isa = XCBuildConfiguration;
			baseConfigurationReference = DD17ECAC516047E5A9048101 /* Pods-ObjectiveDDP-MAC.xcconfig */;
			buildSettings = {
				CLANG_ENABLE_MODULES = YES;
				CLANG_WARN_BOOL_CONVERSION = YES;
				CLANG_WARN_DIRECT_OBJC_ISA_USAGE = YES_ERROR;
				CLANG_WARN_OBJC_ROOT_CLASS = YES_ERROR;
				FRAMEWORK_SEARCH_PATHS = (
					"$(inherited)",
					"$(DEVELOPER_FRAMEWORKS_DIR)",
				);
				GCC_ENABLE_OBJC_EXCEPTIONS = YES;
				GCC_PRECOMPILE_PREFIX_HEADER = YES;
				GCC_PREFIX_HEADER = "ObjectiveDDP/ObjectiveDDP-Prefix.pch";
				GCC_PREPROCESSOR_DEFINITIONS = (
					"DEBUG=1",
					"$(inherited)",
				);
				GCC_WARN_64_TO_32_BIT_CONVERSION = YES;
				GCC_WARN_ABOUT_RETURN_TYPE = YES_ERROR;
				GCC_WARN_UNDECLARED_SELECTOR = YES;
				GCC_WARN_UNINITIALIZED_AUTOS = YES_AGGRESSIVE;
				GCC_WARN_UNUSED_FUNCTION = YES;
				LIBRARY_SEARCH_PATHS = (
					"$(inherited)",
					"$(USER_LIBRARY_DIR)/Developer/Xcode/DerivedData/ObjectiveDDP-glincxxszallpgardrdhdiejxzww/Build/Products/Debug",
				);
				MACOSX_DEPLOYMENT_TARGET = 10.9;
				OTHER_CFLAGS = "$(inherited)";
				PRODUCT_NAME = "$(TARGET_NAME)";
				SDKROOT = macosx;
			};
			name = Debug;
		};
		EAFDC0D51963706500646100 /* Release */ = {
			isa = XCBuildConfiguration;
			baseConfigurationReference = DD17ECAC516047E5A9048101 /* Pods-ObjectiveDDP-MAC.xcconfig */;
			buildSettings = {
				CLANG_ENABLE_MODULES = YES;
				CLANG_WARN_BOOL_CONVERSION = YES;
				CLANG_WARN_DIRECT_OBJC_ISA_USAGE = YES_ERROR;
				CLANG_WARN_OBJC_ROOT_CLASS = YES_ERROR;
				DEBUG_INFORMATION_FORMAT = "dwarf-with-dsym";
				ENABLE_NS_ASSERTIONS = NO;
				FRAMEWORK_SEARCH_PATHS = (
					"$(inherited)",
					"$(DEVELOPER_FRAMEWORKS_DIR)",
				);
				GCC_ENABLE_OBJC_EXCEPTIONS = YES;
				GCC_PRECOMPILE_PREFIX_HEADER = YES;
				GCC_PREFIX_HEADER = "ObjectiveDDP/ObjectiveDDP-Prefix.pch";
				GCC_WARN_64_TO_32_BIT_CONVERSION = YES;
				GCC_WARN_ABOUT_RETURN_TYPE = YES_ERROR;
				GCC_WARN_UNDECLARED_SELECTOR = YES;
				GCC_WARN_UNINITIALIZED_AUTOS = YES_AGGRESSIVE;
				GCC_WARN_UNUSED_FUNCTION = YES;
				LIBRARY_SEARCH_PATHS = (
					"$(inherited)",
					"$(USER_LIBRARY_DIR)/Developer/Xcode/DerivedData/ObjectiveDDP-glincxxszallpgardrdhdiejxzww/Build/Products/Debug",
				);
				MACOSX_DEPLOYMENT_TARGET = 10.9;
				OTHER_CFLAGS = "$(inherited)";
				PRODUCT_NAME = "$(TARGET_NAME)";
				SDKROOT = macosx;
			};
			name = Release;
		};
/* End XCBuildConfiguration section */

/* Begin XCConfigurationList section */
		4000D631170E880400296229 /* Build configuration list for PBXProject "ObjectiveDDP" */ = {
			isa = XCConfigurationList;
			buildConfigurations = (
				4000D642170E880400296229 /* Debug */,
				4000D643170E880400296229 /* Release */,
			);
			defaultConfigurationIsVisible = 0;
			defaultConfigurationName = Release;
		};
		4000D644170E880400296229 /* Build configuration list for PBXNativeTarget "ObjectiveDDP" */ = {
			isa = XCConfigurationList;
			buildConfigurations = (
				4000D645170E880400296229 /* Debug */,
				4000D646170E880400296229 /* Release */,
			);
			defaultConfigurationIsVisible = 0;
			defaultConfigurationName = Release;
		};
		4079F9EC170EB31E00194B4A /* Build configuration list for PBXNativeTarget "Specs" */ = {
			isa = XCConfigurationList;
			buildConfigurations = (
				4079F9ED170EB31E00194B4A /* Debug */,
				4079F9EE170EB31E00194B4A /* Release */,
			);
			defaultConfigurationIsVisible = 0;
			defaultConfigurationName = Release;
		};
		EA78009219657BEC0046E666 /* Build configuration list for PBXNativeTarget "Specs Mac" */ = {
			isa = XCConfigurationList;
			buildConfigurations = (
				EA78009019657BEC0046E666 /* Debug */,
				EA78009119657BEC0046E666 /* Release */,
			);
			defaultConfigurationIsVisible = 0;
		};
		EAFDC0D81963706500646100 /* Build configuration list for PBXNativeTarget "ObjectiveDDP-MAC" */ = {
			isa = XCConfigurationList;
			buildConfigurations = (
				EAFDC0D41963706500646100 /* Debug */,
				EAFDC0D51963706500646100 /* Release */,
			);
			defaultConfigurationIsVisible = 0;
			defaultConfigurationName = Release;
		};
/* End XCConfigurationList section */
	};
	rootObject = 4000D62E170E880400296229 /* Project object */;
}
